<?xml version="1.0" encoding="utf-8"?>
<Project ToolsVersion="4.0" xmlns="http://schemas.microsoft.com/developer/msbuild/2003">
  <ItemGroup>
    <Filter Include="Source Files">
      <UniqueIdentifier>{4FC737F1-C7A5-4376-A066-2A32D752A2FF}</UniqueIdentifier>
      <Extensions>cpp;c;cc;cxx;c++;cppm;ixx;def;odl;idl;hpj;bat;asm;asmx</Extensions>
    </Filter>
    <Filter Include="Header Files">
      <UniqueIdentifier>{93995380-89BD-4b04-88EB-625FBE52EBFB}</UniqueIdentifier>
      <Extensions>h;hh;hpp;hxx;h++;hm;inl;inc;ipp;xsd</Extensions>
    </Filter>
    <Filter Include="Resource Files">
      <UniqueIdentifier>{67DA6AB6-F800-4c08-8B7A-83BB121AAD01}</UniqueIdentifier>
      <Extensions>rc;ico;cur;bmp;dlg;rc2;rct;bin;rgs;gif;jpg;jpeg;jpe;resx;tiff;tif;png;wav;mfcribbon-ms</Extensions>
    </Filter>
    <Filter Include="Header Files\qpOASES">
      <UniqueIdentifier>{94a0f001-0848-4c6e-aeac-9bdccef75de6}</UniqueIdentifier>
    </Filter>
  </ItemGroup>
  <ItemGroup>
    <ClInclude Include="MPC_TWIP.h">
      <Filter>Header Files</Filter>
    </ClInclude>
    <ClInclude Include="LMPC.h">
      <Filter>Header Files</Filter>
    </ClInclude>
    <ClInclude Include="Traj_MPC.h">
      <Filter>Header Files</Filter>
    </ClInclude>
  </ItemGroup>
  <ItemGroup>
    <ClCompile Include="MPC_TWIP.cpp">
      <Filter>Source Files</Filter>
    </ClCompile>
    <ClCompile Include="LMPC.cpp">
      <Filter>Source Files</Filter>
    </ClCompile>
    <ClCompile Include="main_test.cpp">
      <Filter>Source Files</Filter>
    </ClCompile>
    <ClCompile Include="..\..\..\libss\qpOASES-master\src\Utils.cpp">
      <Filter>Header Files\qpOASES</Filter>
    </ClCompile>
    <ClCompile Include="..\..\..\libss\qpOASES-master\src\BLASReplacement.cpp">
      <Filter>Header Files\qpOASES</Filter>
    </ClCompile>
    <ClCompile Include="..\..\..\libss\qpOASES-master\src\Bounds.cpp">
      <Filter>Header Files\qpOASES</Filter>
    </ClCompile>
    <ClCompile Include="..\..\..\libss\qpOASES-master\src\Constraints.cpp">
      <Filter>Header Files\qpOASES</Filter>
    </ClCompile>
    <ClCompile Include="..\..\..\libss\qpOASES-master\src\Flipper.cpp">
      <Filter>Header Files\qpOASES</Filter>
    </ClCompile>
    <ClCompile Include="..\..\..\libss\qpOASES-master\src\Indexlist.cpp">
      <Filter>Header Files\qpOASES</Filter>
    </ClCompile>
    <ClCompile Include="..\..\..\libss\qpOASES-master\src\LAPACKReplacement.cpp">
      <Filter>Header Files\qpOASES</Filter>
    </ClCompile>
    <ClCompile Include="..\..\..\libss\qpOASES-master\src\Matrices.cpp">
      <Filter>Header Files\qpOASES</Filter>
    </ClCompile>
    <ClCompile Include="..\..\..\libss\qpOASES-master\src\MessageHandling.cpp">
      <Filter>Header Files\qpOASES</Filter>
    </ClCompile>
    <ClCompile Include="..\..\..\libss\qpOASES-master\src\Options.cpp">
      <Filter>Header Files\qpOASES</Filter>
    </ClCompile>
    <ClCompile Include="..\..\..\libss\qpOASES-master\src\OQPinterface.cpp">
      <Filter>Header Files\qpOASES</Filter>
    </ClCompile>
    <ClCompile Include="..\..\..\libss\qpOASES-master\src\QProblem.cpp">
      <Filter>Header Files\qpOASES</Filter>
    </ClCompile>
    <ClCompile Include="..\..\..\libss\qpOASES-master\src\QProblemB.cpp">
      <Filter>Header Files\qpOASES</Filter>
    </ClCompile>
    <ClCompile Include="..\..\..\libss\qpOASES-master\src\SolutionAnalysis.cpp">
      <Filter>Header Files\qpOASES</Filter>
    </ClCompile>
    <ClCompile Include="..\..\..\libss\qpOASES-master\src\SparseSolver.cpp">
      <Filter>Header Files\qpOASES</Filter>
    </ClCompile>
    <ClCompile Include="..\..\..\libss\qpOASES-master\src\SQProblem.cpp">
      <Filter>Header Files\qpOASES</Filter>
    </ClCompile>
    <ClCompile Include="..\..\..\libss\qpOASES-master\src\SQProblemSchur.cpp">
      <Filter>Header Files\qpOASES</Filter>
    </ClCompile>
    <ClCompile Include="..\..\..\libss\qpOASES-master\src\SubjectTo.cpp">
      <Filter>Header Files\qpOASES</Filter>
    </ClCompile>
    <ClCompile Include="Traj_MPC.cpp">
      <Filter>Source Files</Filter>
    </ClCompile>
  </ItemGroup>
</Project>